# This file is automatically @generated by Cargo.
# It is not intended for manual editing.
version = 4

[[package]]
name = "bloom-1x"
version = "0.1.0"
dependencies = [
 "xoodoo-hash",
]

[[package]]
name = "xoodoo-hash"
version = "0.1.0"
source = "git+ssh://git@github.com/raresifrim/xoodoo-hash.git#f2468a06275f5d7eca184b90edc42961267c34cc"
